// !$*UTF8*$!
{
	archiveVersion = 1;
	classes = {
	};
	objectVersion = 50;
	objects = {

/* Begin PBXBuildFile section */
		4714AB4A21475C9000D6C590 /* AppDelegate.m in Sources */ = {isa = PBXBuildFile; fileRef = 4714AB4921475C9000D6C590 /* AppDelegate.m */; };
		4714AB4D21475C9000D6C590 /* ViewController.m in Sources */ = {isa = PBXBuildFile; fileRef = 4714AB4C21475C9000D6C590 /* ViewController.m */; };
		4714AB5021475C9000D6C590 /* Main.storyboard in Resources */ = {isa = PBXBuildFile; fileRef = 4714AB4E21475C9000D6C590 /* Main.storyboard */; };
		4714AB5221475CA100D6C590 /* Assets.xcassets in Resources */ = {isa = PBXBuildFile; fileRef = 4714AB5121475CA100D6C590 /* Assets.xcassets */; };
		4714AB5521475CA100D6C590 /* LaunchScreen.storyboard in Resources */ = {isa = PBXBuildFile; fileRef = 4714AB5321475CA100D6C590 /* LaunchScreen.storyboard */; };
		4714AB5821475CA100D6C590 /* main.m in Sources */ = {isa = PBXBuildFile; fileRef = 4714AB5721475CA100D6C590 /* main.m */; };
		4714AB6221475CA100D6C590 /* TestTests.m in Sources */ = {isa = PBXBuildFile; fileRef = 4714AB6121475CA100D6C590 /* TestTests.m */; };
		4714AB6D21475CA100D6C590 /* TestUITests.m in Sources */ = {isa = PBXBuildFile; fileRef = 4714AB6C21475CA100D6C590 /* TestUITests.m */; };
		4714AB7C214774B800D6C590 /* NSString+PinYin.m in Sources */ = {isa = PBXBuildFile; fileRef = 4714AB7B214774B800D6C590 /* NSString+PinYin.m */; };
/* End PBXBuildFile section */

/* Begin PBXContainerItemProxy section */
		4714AB5E21475CA100D6C590 /* PBXContainerItemProxy */ = {
			isa = PBXContainerItemProxy;
			containerPortal = 4714AB3D21475C8F00D6C590 /* Project object */;
			proxyType = 1;
			remoteGlobalIDString = 4714AB4421475C8F00D6C590;
			remoteInfo = Test;
		};
		4714AB6921475CA100D6C590 /* PBXContainerItemProxy */ = {
			isa = PBXContainerItemProxy;
			containerPortal = 4714AB3D21475C8F00D6C590 /* Project object */;
			proxyType = 1;
			remoteGlobalIDString = 4714AB4421475C8F00D6C590;
			remoteInfo = Test;
		};
/* End PBXContainerItemProxy section */

/* Begin PBXFileReference section */
		4714AB4521475C8F00D6C590 /* Test.app */ = {isa = PBXFileReference; explicitFileType = wrapper.application; includeInIndex = 0; path = Test.app; sourceTree = BUILT_PRODUCTS_DIR; };
		4714AB4821475C9000D6C590 /* AppDelegate.h */ = {isa = PBXFileReference; lastKnownFileType = sourcecode.c.h; path = AppDelegate.h; sourceTree = "<group>"; };
		4714AB4921475C9000D6C590 /* AppDelegate.m */ = {isa = PBXFileReference; lastKnownFileType = sourcecode.c.objc; path = AppDelegate.m; sourceTree = "<group>"; };
		4714AB4B21475C9000D6C590 /* ViewController.h */ = {isa = PBXFileReference; lastKnownFileType = sourcecode.c.h; path = ViewController.h; sourceTree = "<group>"; };
		4714AB4C21475C9000D6C590 /* ViewController.m */ = {isa = PBXFileReference; lastKnownFileType = sourcecode.c.objc; path = ViewController.m; sourceTree = "<group>"; };
		4714AB4F21475C9000D6C590 /* Base */ = {isa = PBXFileReference; lastKnownFileType = file.storyboard; name = Base; path = Base.lproj/Main.storyboard; sourceTree = "<group>"; };
		4714AB5121475CA100D6C590 /* Assets.xcassets */ = {isa = PBXFileReference; lastKnownFileType = folder.assetcatalog; path = Assets.xcassets; sourceTree = "<group>"; };
		4714AB5421475CA100D6C590 /* Base */ = {isa = PBXFileReference; lastKnownFileType = file.storyboard; name = Base; path = Base.lproj/LaunchScreen.storyboard; sourceTree = "<group>"; };
		4714AB5621475CA100D6C590 /* Info.plist */ = {isa = PBXFileReference; lastKnownFileType = text.plist.xml; path = Info.plist; sourceTree = "<group>"; };
		4714AB5721475CA100D6C590 /* main.m */ = {isa = PBXFileReference; lastKnownFileType = sourcecode.c.objc; path = main.m; sourceTree = "<group>"; };
		4714AB5D21475CA100D6C590 /* TestTests.xctest */ = {isa = PBXFileReference; explicitFileType = wrapper.cfbundle; includeInIndex = 0; path = TestTests.xctest; sourceTree = BUILT_PRODUCTS_DIR; };
		4714AB6121475CA100D6C590 /* TestTests.m */ = {isa = PBXFileReference; lastKnownFileType = sourcecode.c.objc; path = TestTests.m; sourceTree = "<group>"; };
		4714AB6321475CA100D6C590 /* Info.plist */ = {isa = PBXFileReference; lastKnownFileType = text.plist.xml; path = Info.plist; sourceTree = "<group>"; };
		4714AB6821475CA100D6C590 /* TestUITests.xctest */ = {isa = PBXFileReference; explicitFileType = wrapper.cfbundle; includeInIndex = 0; path = TestUITests.xctest; sourceTree = BUILT_PRODUCTS_DIR; };
		4714AB6C21475CA100D6C590 /* TestUITests.m */ = {isa = PBXFileReference; lastKnownFileType = sourcecode.c.objc; path = TestUITests.m; sourceTree = "<group>"; };
		4714AB6E21475CA100D6C590 /* Info.plist */ = {isa = PBXFileReference; lastKnownFileType = text.plist.xml; path = Info.plist; sourceTree = "<group>"; };
		4714AB7A214774B200D6C590 /* NSString+PinYin.h */ = {isa = PBXFileReference; fileEncoding = 4; lastKnownFileType = sourcecode.c.h; path = "NSString+PinYin.h"; sourceTree = "<group>"; };
		4714AB7B214774B800D6C590 /* NSString+PinYin.m */ = {isa = PBXFileReference; fileEncoding = 4; lastKnownFileType = sourcecode.c.objc; path = "NSString+PinYin.m"; sourceTree = "<group>"; };
/* End PBXFileReference section */

/* Begin PBXFrameworksBuildPhase section */
		4714AB4221475C8F00D6C590 /* Frameworks */ = {
			isa = PBXFrameworksBuildPhase;
			buildActionMask = 2147483647;
			files = (
			);
			runOnlyForDeploymentPostprocessing = 0;
		};
		4714AB5A21475CA100D6C590 /* Frameworks */ = {
			isa = PBXFrameworksBuildPhase;
			buildActionMask = 2147483647;
			files = (
			);
			runOnlyForDeploymentPostprocessing = 0;
		};
		4714AB6521475CA100D6C590 /* Frameworks */ = {
			isa = PBXFrameworksBuildPhase;
			buildActionMask = 2147483647;
			files = (
			);
			runOnlyForDeploymentPostprocessing = 0;
		};
/* End PBXFrameworksBuildPhase section */

/* Begin PBXGroup section */
		4714AB3C21475C8F00D6C590 = {
			isa = PBXGroup;
			children = (
				4714AB4721475C8F00D6C590 /* Test */,
				4714AB6021475CA100D6C590 /* TestTests */,
				4714AB6B21475CA100D6C590 /* TestUITests */,
				4714AB4621475C8F00D6C590 /* Products */,
			);
			sourceTree = "<group>";
		};
		4714AB4621475C8F00D6C590 /* Products */ = {
			isa = PBXGroup;
			children = (
				4714AB4521475C8F00D6C590 /* Test.app */,
				4714AB5D21475CA100D6C590 /* TestTests.xctest */,
				4714AB6821475CA100D6C590 /* TestUITests.xctest */,
			);
			name = Products;
			sourceTree = "<group>";
		};
		4714AB4721475C8F00D6C590 /* Test */ = {
			isa = PBXGroup;
			children = (
				4714AB4821475C9000D6C590 /* AppDelegate.h */,
				4714AB4921475C9000D6C590 /* AppDelegate.m */,
				4714AB4B21475C9000D6C590 /* ViewController.h */,
				4714AB4C21475C9000D6C590 /* ViewController.m */,
				4714AB7A214774B200D6C590 /* NSString+PinYin.h */,
				4714AB7B214774B800D6C590 /* NSString+PinYin.m */,
				4714AB4E21475C9000D6C590 /* Main.storyboard */,
				4714AB5121475CA100D6C590 /* Assets.xcassets */,
				4714AB5321475CA100D6C590 /* LaunchScreen.storyboard */,
				4714AB5621475CA100D6C590 /* Info.plist */,
				4714AB5721475CA100D6C590 /* main.m */,
			);
			path = Test;
			sourceTree = "<group>";
		};
		4714AB6021475CA100D6C590 /* TestTests */ = {
			isa = PBXGroup;
			children = (
				4714AB6121475CA100D6C590 /* TestTests.m */,
				4714AB6321475CA100D6C590 /* Info.plist */,
			);
			path = TestTests;
			sourceTree = "<group>";
		};
		4714AB6B21475CA100D6C590 /* TestUITests */ = {
			isa = PBXGroup;
			children = (
				4714AB6C21475CA100D6C590 /* TestUITests.m */,
				4714AB6E21475CA100D6C590 /* Info.plist */,
			);
			path = TestUITests;
			sourceTree = "<group>";
		};
/* End PBXGroup section */

/* Begin PBXNativeTarget section */
		4714AB4421475C8F00D6C590 /* Test */ = {
			isa = PBXNativeTarget;
			buildConfigurationList = 4714AB7121475CA100D6C590 /* Build configuration list for PBXNativeTarget "Test" */;
			buildPhases = (
				4714AB4121475C8F00D6C590 /* Sources */,
				4714AB4221475C8F00D6C590 /* Frameworks */,
				4714AB4321475C8F00D6C590 /* Resources */,
			);
			buildRules = (
			);
			dependencies = (
			);
			name = Test;
			productName = Test;
			productReference = 4714AB4521475C8F00D6C590 /* Test.app */;
			productType = "com.apple.product-type.application";
		};
		4714AB5C21475CA100D6C590 /* TestTests */ = {
			isa = PBXNativeTarget;
			buildConfigurationList = 4714AB7421475CA100D6C590 /* Build configuration list for PBXNativeTarget "TestTests" */;
			buildPhases = (
				4714AB5921475CA100D6C590 /* Sources */,
				4714AB5A21475CA100D6C590 /* Frameworks */,
				4714AB5B21475CA100D6C590 /* Resources */,
			);
			buildRules = (
			);
			dependencies = (
				4714AB5F21475CA100D6C590 /* PBXTargetDependency */,
			);
			name = TestTests;
			productName = TestTests;
			productReference = 4714AB5D21475CA100D6C590 /* TestTests.xctest */;
			productType = "com.apple.product-type.bundle.unit-test";
		};
		4714AB6721475CA100D6C590 /* TestUITests */ = {
			isa = PBXNativeTarget;
			buildConfigurationList = 4714AB7721475CA100D6C590 /* Build configuration list for PBXNativeTarget "TestUITests" */;
			buildPhases = (
				4714AB6421475CA100D6C590 /* Sources */,
				4714AB6521475CA100D6C590 /* Frameworks */,
				4714AB6621475CA100D6C590 /* Resources */,
			);
			buildRules = (
			);
			dependencies = (
				4714AB6A21475CA100D6C590 /* PBXTargetDependency */,
			);
			name = TestUITests;
			productName = TestUITests;
			productReference = 4714AB6821475CA100D6C590 /* TestUITests.xctest */;
			productType = "com.apple.product-type.bundle.ui-testing";
		};
/* End PBXNativeTarget section */

/* Begin PBXProject section */
		4714AB3D21475C8F00D6C590 /* Project object */ = {
			isa = PBXProject;
			attributes = {
				LastUpgradeCheck = 0940;
				ORGANIZATIONNAME = ios;
				TargetAttributes = {
					4714AB4421475C8F00D6C590 = {
						CreatedOnToolsVersion = 9.4.1;
					};
					4714AB5C21475CA100D6C590 = {
						CreatedOnToolsVersion = 9.4.1;
						TestTargetID = 4714AB4421475C8F00D6C590;
					};
					4714AB6721475CA100D6C590 = {
						CreatedOnToolsVersion = 9.4.1;
						TestTargetID = 4714AB4421475C8F00D6C590;
					};
				};
			};
			buildConfigurationList = 4714AB4021475C8F00D6C590 /* Build configuration list for PBXProject "Test" */;
			compatibilityVersion = "Xcode 9.3";
			developmentRegion = en;
			hasScannedForEncodings = 0;
			knownRegions = (
				en,
				Base,
			);
			mainGroup = 4714AB3C21475C8F00D6C590;
			productRefGroup = 4714AB4621475C8F00D6C590 /* Products */;
			projectDirPath = "";
			projectRoot = "";
			targets = (
				4714AB4421475C8F00D6C590 /* Test */,
				4714AB5C21475CA100D6C590 /* TestTests */,
				4714AB6721475CA100D6C590 /* TestUITests */,
			);
		};
/* End PBXProject section */

/* Begin PBXResourcesBuildPhase section */
		4714AB4321475C8F00D6C590 /* Resources */ = {
			isa = PBXResourcesBuildPhase;
			buildActionMask = 2147483647;
			files = (
				4714AB5521475CA100D6C590 /* LaunchScreen.storyboard in Resources */,
				4714AB5221475CA100D6C590 /* Assets.xcassets in Resources */,
				4714AB5021475C9000D6C590 /* Main.storyboard in Resources */,
			);
			runOnlyForDeploymentPostprocessing = 0;
		};
		4714AB5B21475CA100D6C590 /* Resources */ = {
			isa = PBXResourcesBuildPhase;
			buildActionMask = 2147483647;
			files = (
			);
			runOnlyForDeploymentPostprocessing = 0;
		};
		4714AB6621475CA100D6C590 /* Resources */ = {
			isa = PBXResourcesBuildPhase;
			buildActionMask = 2147483647;
			files = (
			);
			runOnlyForDeploymentPostprocessing = 0;
		};
/* End PBXResourcesBuildPhase section */

/* Begin PBXSourcesBuildPhase section */
		4714AB4121475C8F00D6C590 /* Sources */ = {
			isa = PBXSourcesBuildPhase;
			buildActionMask = 2147483647;
			files = (
				4714AB4D21475C9000D6C590 /* ViewController.m in Sources */,
				4714AB5821475CA100D6C590 /* main.m in Sources */,
				4714AB7C214774B800D6C590 /* NSString+PinYin.m in Sources */,
				4714AB4A21475C9000D6C590 /* AppDelegate.m in Sources */,
			);
			runOnlyForDeploymentPostprocessing = 0;
		};
		4714AB5921475CA100D6C590 /* Sources */ = {
			isa = PBXSourcesBuildPhase;
			buildActionMask = 2147483647;
			files = (
				4714AB6221475CA100D6C590 /* TestTests.m in Sources */,
			);
			runOnlyForDeploymentPostprocessing = 0;
		};
		4714AB6421475CA100D6C590 /* Sources */ = {
			isa = PBXSourcesBuildPhase;
			buildActionMask = 2147483647;
			files = (
				4714AB6D21475CA100D6C590 /* TestUITests.m in Sources */,
			);
			runOnlyForDeploymentPostprocessing = 0;
		};
/* End PBXSourcesBuildPhase section */

/* Begin PBXTargetDependency section */
		4714AB5F21475CA100D6C590 /* PBXTargetDependency */ = {
			isa = PBXTargetDependency;
			target = 4714AB4421475C8F00D6C590 /* Test */;
			targetProxy = 4714AB5E21475CA100D6C590 /* PBXContainerItemProxy */;
		};
		4714AB6A21475CA100D6C590 /* PBXTargetDependency */ = {
			isa = PBXTargetDependency;
			target = 4714AB4421475C8F00D6C590 /* Test */;
			targetProxy = 4714AB6921475CA100D6C590 /* PBXContainerItemProxy */;
		};
/* End PBXTargetDependency section */

/* Begin PBXVariantGroup section */
		4714AB4E21475C9000D6C590 /* Main.storyboard */ = {
			isa = PBXVariantGroup;
			children = (
				4714AB4F21475C9000D6C590 /* Base */,
			);
			name = Main.storyboard;
			sourceTree = "<group>";
		};
		4714AB5321475CA100D6C590 /* LaunchScreen.storyboard */ = {
			isa = PBXVariantGroup;
			children = (
				4714AB5421475CA100D6C590 /* Base */,
			);
			name = LaunchScreen.storyboard;
			sourceTree = "<group>";
		};
/* End PBXVariantGroup section */

/* Begin XCBuildConfiguration section */
		4714AB6F21475CA100D6C590 /* Debug */ = {
			isa = XCBuildConfiguration;
			buildSettings = {
				ALWAYS_SEARCH_USER_PATHS = NO;
				CLANG_ANALYZER_NONNULL = YES;
				CLANG_ANALYZER_NUMBER_OBJECT_CONVERSION = YES_AGGRESSIVE;
				CLANG_CXX_LANGUAGE_STANDARD = "gnu++14";
				CLANG_CXX_LIBRARY = "libc++";
				CLANG_ENABLE_MODULES = YES;
				CLANG_ENABLE_OBJC_ARC = YES;
				CLANG_ENABLE_OBJC_WEAK = YES;
				CLANG_WARN_BLOCK_CAPTURE_AUTORELEASING = YES;
				CLANG_WARN_BOOL_CONVERSION = YES;
				CLANG_WARN_COMMA = YES;
				CLANG_WARN_CONSTANT_CONVERSION = YES;
				CLANG_WARN_DEPRECATED_OBJC_IMPLEMENTATIONS = YES;
				CLANG_WARN_DIRECT_OBJC_ISA_USAGE = YES_ERROR;
				CLANG_WARN_DOCUMENTATION_COMMENTS = YES;
				CLANG_WARN_EMPTY_BODY = YES;
				CLANG_WARN_ENUM_CONVERSION = YES;
				CLANG_WARN_INFINITE_RECURSION = YES;
				CLANG_WARN_INT_CONVERSION = YES;
				CLANG_WARN_NON_LITERAL_NULL_CONVERSION = YES;
				CLANG_WARN_OBJC_IMPLICIT_RETAIN_SELF = YES;
				CLANG_WARN_OBJC_LITERAL_CONVERSION = YES;
				CLANG_WARN_OBJC_ROOT_CLASS = YES_ERROR;
				CLANG_WARN_RANGE_LOOP_ANALYSIS = YES;
				CLANG_WARN_STRICT_PROTOTYPES = YES;
				CLANG_WARN_SUSPICIOUS_MOVE = YES;
				CLANG_WARN_UNGUARDED_AVAILABILITY = YES_AGGRESSIVE;
				CLANG_WARN_UNREACHABLE_CODE = YES;
				CLANG_WARN__DUPLICATE_METHOD_MATCH = YES;
				CODE_SIGN_IDENTITY = "iPhone Developer";
				COPY_PHASE_STRIP = NO;
				DEBUG_INFORMATION_FORMAT = dwarf;
				ENABLE_STRICT_OBJC_MSGSEND = YES;
				ENABLE_TESTABILITY = YES;
				GCC_C_LANGUAGE_STANDARD = gnu11;
				GCC_DYNAMIC_NO_PIC = NO;
				GCC_NO_COMMON_BLOCKS = YES;
				GCC_OPTIMIZATION_LEVEL = 0;
				GCC_PREPROCESSOR_DEFINITIONS = (
					"DEBUG=1",
					"$(inherited)",
				);
				GCC_WARN_64_TO_32_BIT_CONVERSION = YES;
				GCC_WARN_ABOUT_RETURN_TYPE = YES_ERROR;
				GCC_WARN_UNDECLARED_SELECTOR = YES;
				GCC_WARN_UNINITIALIZED_AUTOS = YES_AGGRESSIVE;
				GCC_WARN_UNUSED_FUNCTION = YES;
				GCC_WARN_UNUSED_VARIABLE = YES;
				IPHONEOS_DEPLOYMENT_TARGET = 11.4;
				MTL_ENABLE_DEBUG_INFO = YES;
				ONLY_ACTIVE_ARCH = YES;
				SDKROOT = iphoneos;
			};
			name = Debug;
		};
		4714AB7021475CA100D6C590 /* Release */ = {
			isa = XCBuildConfiguration;
			buildSettings = {
				ALWAYS_SEARCH_USER_PATHS = NO;
				CLANG_ANALYZER_NONNULL = YES;
				CLANG_ANALYZER_NUMBER_OBJECT_CONVERSION = YES_AGGRESSIVE;
				CLANG_CXX_LANGUAGE_STANDARD = "gnu++14";
				CLANG_CXX_LIBRARY = "libc++";
				CLANG_ENABLE_MODULES = YES;
				CLANG_ENABLE_OBJC_ARC = YES;
				CLANG_ENABLE_OBJC_WEAK = YES;
				CLANG_WARN_BLOCK_CAPTURE_AUTORELEASING = YES;
				CLANG_WARN_BOOL_CONVERSION = YES;
				CLANG_WARN_COMMA = YES;
				CLANG_WARN_CONSTANT_CONVERSION = YES;
				CLANG_WARN_DEPRECATED_OBJC_IMPLEMENTATIONS = YES;
				CLANG_WARN_DIRECT_OBJC_ISA_USAGE = YES_ERROR;
				CLANG_WARN_DOCUMENTATION_COMMENTS = YES;
				CLANG_WARN_EMPTY_BODY = YES;
				CLANG_WARN_ENUM_CONVERSION = YES;
				CLANG_WARN_INFINITE_RECURSION = YES;
				CLANG_WARN_INT_CONVERSION = YES;
				CLANG_WARN_NON_LITERAL_NULL_CONVERSION = YES;
				CLANG_WARN_OBJC_IMPLICIT_RETAIN_SELF = YES;
				CLANG_WARN_OBJC_LITERAL_CONVERSION = YES;
				CLANG_WARN_OBJC_ROOT_CLASS = YES_ERROR;
				CLANG_WARN_RANGE_LOOP_ANALYSIS = YES;
				CLANG_WARN_STRICT_PROTOTYPES = YES;
				CLANG_WARN_SUSPICIOUS_MOVE = YES;
				CLANG_WARN_UNGUARDED_AVAILABILITY = YES_AGGRESSIVE;
				CLANG_WARN_UNREACHABLE_CODE = YES;
				CLANG_WARN__DUPLICATE_METHOD_MATCH = YES;
				CODE_SIGN_IDENTITY = "iPhone Developer";
				COPY_PHASE_STRIP = NO;
				DEBUG_INFORMATION_FORMAT = "dwarf-with-dsym";
				ENABLE_NS_ASSERTIONS = NO;
				ENABLE_STRICT_OBJC_MSGSEND = YES;
				GCC_C_LANGUAGE_STANDARD = gnu11;
				GCC_NO_COMMON_BLOCKS = YES;
				GCC_WARN_64_TO_32_BIT_CONVERSION = YES;
				GCC_WARN_ABOUT_RETURN_TYPE = YES_ERROR;
				GCC_WARN_UNDECLARED_SELECTOR = YES;
				GCC_WARN_UNINITIALIZED_AUTOS = YES_AGGRESSIVE;
				GCC_WARN_UNUSED_FUNCTION = YES;
				GCC_WARN_UNUSED_VARIABLE = YES;
				IPHONEOS_DEPLOYMENT_TARGET = 11.4;
				MTL_ENABLE_DEBUG_INFO = NO;
				SDKROOT = iphoneos;
				VALIDATE_PRODUCT = YES;
			};
			name = Release;
		};
		4714AB7221475CA100D6C590 /* Debug */ = {
			isa = XCBuildConfiguration;
			buildSettings = {
				ASSETCATALOG_COMPILER_APPICON_NAME = AppIcon;
				CODE_SIGN_STYLE = Automatic;
				INFOPLIST_FILE = Test/Info.plist;
				LD_RUNPATH_SEARCH_PATHS = (
					"$(inherited)",
					"@executable_path/Frameworks",
				);
				PRODUCT_BUNDLE_IDENTIFIER = abc.Test;
				PRODUCT_NAME = "$(TARGET_NAME)";
				TARGETED_DEVICE_FAMILY = "1,2";
			};
			name = Debug;
		};
		4714AB7321475CA100D6C590 /* Release */ = {
			isa = XCBuildConfiguration;
			buildSettings = {
				ASSETCATALOG_COMPILER_APPICON_NAME = AppIcon;
				CODE_SIGN_STYLE = Automatic;
				INFOPLIST_FILE = Test/Info.plist;
				LD_RUNPATH_SEARCH_PATHS = (
					"$(inherited)",
					"@executable_path/Frameworks",
				);
				PRODUCT_BUNDLE_IDENTIFIER = abc.Test;
				PRODUCT_NAME = "$(TARGET_NAME)";
				TARGETED_DEVICE_FAMILY = "1,2";
			};
			name = Release;
		};
		4714AB7521475CA100D6C590 /* Debug */ = {
			isa = XCBuildConfiguration;
			buildSettings = {
				BUNDLE_LOADER = "$(TEST_HOST)";
				CODE_SIGN_STYLE = Automatic;
				INFOPLIST_FILE = TestTests/Info.plist;
				LD_RUNPATH_SEARCH_PATHS = (
					"$(inherited)",
					"@executable_path/Frameworks",
					"@loader_path/Frameworks",
				);
				PRODUCT_BUNDLE_IDENTIFIER = abc.TestTests;
				PRODUCT_NAME = "$(TARGET_NAME)";
				TARGETED_DEVICE_FAMILY = "1,2";
				TEST_HOST = "$(BUILT_PRODUCTS_DIR)/Test.app/Test";
			};
			name = Debug;
		};
		4714AB7621475CA100D6C590 /* Release */ = {
			isa = XCBuildConfiguration;
			buildSettings = {
				BUNDLE_LOADER = "$(TEST_HOST)";
				CODE_SIGN_STYLE = Automatic;
				INFOPLIST_FILE = TestTests/Info.plist;
				LD_RUNPATH_SEARCH_PATHS = (
					"$(inherited)",
					"@executable_path/Frameworks",
					"@loader_path/Frameworks",
				);
				PRODUCT_BUNDLE_IDENTIFIER = abc.TestTests;
				PRODUCT_NAME = "$(TARGET_NAME)";
				TARGETED_DEVICE_FAMILY = "1,2";
				TEST_HOST = "$(BUILT_PRODUCTS_DIR)/Test.app/Test";
			};
			name = Release;
		};
		4714AB7821475CA100D6C590 /* Debug */ = {
			isa = XCBuildConfiguration;
			buildSettings = {
				CODE_SIGN_STYLE = Automatic;
				INFOPLIST_FILE = TestUITests/Info.plist;
				LD_RUNPATH_SEARCH_PATHS = (
					"$(inherited)",
					"@executable_path/Frameworks",
					"@loader_path/Frameworks",
				);
				PRODUCT_BUNDLE_IDENTIFIER = abc.TestUITests;
				PRODUCT_NAME = "$(TARGET_NAME)";
				TARGETED_DEVICE_FAMILY = "1,2";
				TEST_TARGET_NAME = Test;
			};
			name = Debug;
		};
		4714AB7921475CA100D6C590 /* Release */ = {
			isa = XCBuildConfiguration;
			buildSettings = {
				CODE_SIGN_STYLE = Automatic;
				INFOPLIST_FILE = TestUITests/Info.plist;
				LD_RUNPATH_SEARCH_PATHS = (
					"$(inherited)",
					"@executable_path/Frameworks",
					"@loader_path/Frameworks",
				);
				PRODUCT_BUNDLE_IDENTIFIER = abc.TestUITests;
				PRODUCT_NAME = "$(TARGET_NAME)";
				TARGETED_DEVICE_FAMILY = "1,2";
				TEST_TARGET_NAME = Test;
			};
			name = Release;
		};
/* End XCBuildConfiguration section */

/* Begin XCConfigurationList section */
		4714AB4021475C8F00D6C590 /* Build configuration list for PBXProject "Test" */ = {
			isa = XCConfigurationList;
			buildConfigurations = (
				4714AB6F21475CA100D6C590 /* Debug */,
				4714AB7021475CA100D6C590 /* Release */,
			);
			defaultConfigurationIsVisible = 0;
			defaultConfigurationName = Release;
		};
		4714AB7121475CA100D6C590 /* Build configuration list for PBXNativeTarget "Test" */ = {
			isa = XCConfigurationList;
			buildConfigurations = (
				4714AB7221475CA100D6C590 /* Debug */,
				4714AB7321475CA100D6C590 /* Release */,
			);
			defaultConfigurationIsVisible = 0;
			defaultConfigurationName = Release;
		};
		4714AB7421475CA100D6C590 /* Build configuration list for PBXNativeTarget "TestTests" */ = {
			isa = XCConfigurationList;
			buildConfigurations = (
				4714AB7521475CA100D6C590 /* Debug */,
				4714AB7621475CA100D6C590 /* Release */,
			);
			defaultConfigurationIsVisible = 0;
			defaultConfigurationName = Release;
		};
		4714AB7721475CA100D6C590 /* Build configuration list for PBXNativeTarget "TestUITests" */ = {
			isa = XCConfigurationList;
			buildConfigurations = (
				4714AB7821475CA100D6C590 /* Debug */,
				4714AB7921475CA100D6C590 /* Release */,
			);
			defaultConfigurationIsVisible = 0;
			defaultConfigurationName = Release;
		};
/* End XCConfigurationList section */
	};
	rootObject = 4714AB3D21475C8F00D6C590 /* Project object */;
}
